
Microsoft Visual Studio Solution File, Format Version 12.00
# Visual Studio 15
VisualStudioVersion = 15.0.28010.2003
MinimumVisualStudioVersion = 10.0.40219.1
Project("{FAE04EC0-301F-11D3-BF4B-00C04F79EFBC}") = "CustomerManager", "CustomerManager\CustomerManager.csproj", "{D814185B-435D-43DF-B0A9-4DFD5371A583}"
EndProject
Global
	GlobalSection(SolutionConfigurationPlatforms) = preSolution
		Debug|Any CPU = Debug|Any CPU
		Release|Any CPU = Release|Any CPU
	EndGlobalSection
	GlobalSection(ProjectConfigurationPlatforms) = postSolution
		{D814185B-435D-43DF-B0A9-4DFD5371A583}.Debug|Any CPU.ActiveCfg = Debug|Any CPU
		{D814185B-435D-43DF-B0A9-4DFD5371A583}.Debug|Any CPU.Build.0 = Debug|Any CPU
		{D814185B-435D-43DF-B0A9-4DFD5371A583}.Release|Any CPU.ActiveCfg = Release|Any CPU
		{D814185B-435D-43DF-B0A9-4DFD5371A583}.Release|Any CPU.Build.0 = Release|Any CPU
	EndGlobalSection
	GlobalSection(SolutionProperties) = preSolution
		HideSolutionNode = FALSE
	EndGlobalSection
	GlobalSection(ExtensibilityGlobals) = postSolution
		SolutionGuid = {D600C25B-BD68-4281-B9B7-F64CFF3CAF08}
	EndGlobalSection
EndGlobal
